
Microsoft Visual Studio Solution File, Format Version 12.00
# Visual Studio Version 17
VisualStudioVersion = 17.5.002.0
MinimumVisualStudioVersion = 10.0.40219.1
Project("{9A19103F-16F7-4668-BE54-9A1E7A4F7556}") = "SistemaHospedagemDeHotel", "SistemaHospedagemDeHotel.csproj", "{D34AE757-F771-48B8-B38B-047CC0CAA993}"
EndProject
Global
	GlobalSection(SolutionConfigurationPlatforms) = preSolution
		Debug|Any CPU = Debug|Any CPU
		Release|Any CPU = Release|Any CPU
	EndGlobalSection
	GlobalSection(ProjectConfigurationPlatforms) = postSolution
		{D34AE757-F771-48B8-B38B-047CC0CAA993}.Debug|Any CPU.ActiveCfg = Debug|Any CPU
		{D34AE757-F771-48B8-B38B-047CC0CAA993}.Debug|Any CPU.Build.0 = Debug|Any CPU
		{D34AE757-F771-48B8-B38B-047CC0CAA993}.Release|Any CPU.ActiveCfg = Release|Any CPU
		{D34AE757-F771-48B8-B38B-047CC0CAA993}.Release|Any CPU.Build.0 = Release|Any CPU
	EndGlobalSection
	GlobalSection(SolutionProperties) = preSolution
		HideSolutionNode = FALSE
	EndGlobalSection
	GlobalSection(ExtensibilityGlobals) = postSolution
		SolutionGuid = {2091C62E-CEC2-4DBA-BAE6-A34AF16A7A1A}
	EndGlobalSection
EndGlobal
